{
  "name": "test",
  "version": "1.0.0",
  "lockfileVersion": 1,
  "requires": true,
  "dependencies": {
    "mout": {
      "version": "1.0.0",
      "resolved": "https://registry.npmjs.org/mout/-/mout-1.1.0.tgz",
      "integrity": "sha512-XsP0vf4As6BfqglxZqbqQ8SR6KQot2AgxvR0gG+WtUkf90vUXchMOZQtPf/Hml1rEffJupqL/tIrU6EYhsUQjw=="
    },
    "unicorn": {
      "version": "0.0.1",
      "resolved": "https://registry.npmjs.org/unicorn/-/unicorn-0.0.1.tgz",
      "integrity": "sha1-ww8+xYVwXGXuC+bLpwdjNhIa9js=",
      "requires": {
        "mout": ">= 0.6.0"
      }
    }
  }
}
