{
  "name": "test",
  "version": "1.0.0",
  "lockfileVersion": 1,
  "requires": true,
  "dependencies": {
    "mout": {
      "version": "1.2.4",
      "resolved": "https://registry.npmjs.org/mout/-/mout-1.2.4.tgz",
      "integrity": "sha512-mZb9uOruMWgn/fw28DG4/yE3Kehfk1zKCLhuDU2O3vlKdnBBr4XaOCqVTflJ5aODavGUPqFHZgrFX3NJVuxGhQ=="
    },
    "unicorn": {
      "version": "0.0.1",
      "resolved": "https://registry.npmjs.org/unicorn/-/unicorn-0.0.1.tgz",
      "integrity": "sha1-ww8+xYVwXGXuC+bLpwdjNhIa9js=",
      "requires": {
        "mout": ">= 0.6.0"
      }
    }
  }
}
