{
  "name": "test",
  "version": "1.0.0",
  "lockfileVersion": 1,
  "requires": true,
  "dependencies": {
    "mout": {
      "version": "1.2.3",
      "resolved": "https://registry.npmjs.org/mout/-/mout-1.2.3.tgz",
      "integrity": "sha512-vtE+eZcSj/sBkIp6gxB87MznryWP+gHIp0XX9SKrzA5TAkvz6y7VTuNruBjYdJozd8NY5i9XVIsn8cn3SwNjzg=="
    },
    "unicorn": {
      "version": "0.0.1",
      "resolved": "https://registry.npmjs.org/unicorn/-/unicorn-0.0.1.tgz",
      "integrity": "sha1-ww8+xYVwXGXuC+bLpwdjNhIa9js=",
      "requires": {
        "mout": ">= 0.6.0"
      }
    }
  }
}
